
Microsoft Visual Studio Solution File, Format Version 12.00
# Visual Studio Version 16
VisualStudioVersion = 16.0.29519.87
MinimumVisualStudioVersion = 10.0.40219.1
Project("{9A19103F-16F7-4668-BE54-9A1E7A4F7556}") = "Kowloon", "Kowloon\Kowloon.csproj", "{2629652A-C2EF-4A4B-BF1B-DE2055CB0DFB}"
EndProject
Project("{9A19103F-16F7-4668-BE54-9A1E7A4F7556}") = "RpiWs281x", "RpiWs281x\RpiWs281x.csproj", "{824E2B54-635C-4FEA-874F-84DC519F4301}"
EndProject
Project("{2150E333-8FDC-42A3-9474-1A3956D46DE8}") = "Solution Items", "Solution Items", "{D38E27B0-D357-49C8-B6FE-0118ACB02E6F}"
	ProjectSection(SolutionItems) = preProject
		.editorconfig = .editorconfig
		Directory.Build.props = Directory.Build.props
	EndProjectSection
EndProject
Project("{9A19103F-16F7-4668-BE54-9A1E7A4F7556}") = "CyberTest", "CyberTest\CyberTest.csproj", "{31BAE318-5D5A-483D-BEEF-43816D25857E}"
EndProject
Project("{9A19103F-16F7-4668-BE54-9A1E7A4F7556}") = "Kowloon.LedControl", "Kowloon.LedControl\Kowloon.LedControl.csproj", "{99946185-7AF3-4E4B-9777-96839FDBFA65}"
EndProject
Project("{9A19103F-16F7-4668-BE54-9A1E7A4F7556}") = "Kowloon.Core", "Kowloon.Core\Kowloon.Core.csproj", "{53CD70FA-B4F3-447D-937F-3E5DF6D2BE88}"
EndProject
Project("{FAE04EC0-301F-11D3-BF4B-00C04F79EFBC}") = "Kowloon.LedControl.Simulator", "Kowloon.LedControl.Simulator\Kowloon.LedControl.Simulator.csproj", "{8124E3A3-DDED-4FEB-AA15-19DC501347C6}"
EndProject
Global
	GlobalSection(SolutionConfigurationPlatforms) = preSolution
		Debug|Any CPU = Debug|Any CPU
		Release|Any CPU = Release|Any CPU
	EndGlobalSection
	GlobalSection(ProjectConfigurationPlatforms) = postSolution
		{2629652A-C2EF-4A4B-BF1B-DE2055CB0DFB}.Debug|Any CPU.ActiveCfg = Debug|Any CPU
		{2629652A-C2EF-4A4B-BF1B-DE2055CB0DFB}.Debug|Any CPU.Build.0 = Debug|Any CPU
		{2629652A-C2EF-4A4B-BF1B-DE2055CB0DFB}.Release|Any CPU.ActiveCfg = Release|Any CPU
		{2629652A-C2EF-4A4B-BF1B-DE2055CB0DFB}.Release|Any CPU.Build.0 = Release|Any CPU
		{824E2B54-635C-4FEA-874F-84DC519F4301}.Debug|Any CPU.ActiveCfg = Debug|Any CPU
		{824E2B54-635C-4FEA-874F-84DC519F4301}.Debug|Any CPU.Build.0 = Debug|Any CPU
		{824E2B54-635C-4FEA-874F-84DC519F4301}.Release|Any CPU.ActiveCfg = Release|Any CPU
		{824E2B54-635C-4FEA-874F-84DC519F4301}.Release|Any CPU.Build.0 = Release|Any CPU
		{31BAE318-5D5A-483D-BEEF-43816D25857E}.Debug|Any CPU.ActiveCfg = Debug|Any CPU
		{31BAE318-5D5A-483D-BEEF-43816D25857E}.Debug|Any CPU.Build.0 = Debug|Any CPU
		{31BAE318-5D5A-483D-BEEF-43816D25857E}.Release|Any CPU.ActiveCfg = Release|Any CPU
		{31BAE318-5D5A-483D-BEEF-43816D25857E}.Release|Any CPU.Build.0 = Release|Any CPU
		{99946185-7AF3-4E4B-9777-96839FDBFA65}.Debug|Any CPU.ActiveCfg = Debug|Any CPU
		{99946185-7AF3-4E4B-9777-96839FDBFA65}.Debug|Any CPU.Build.0 = Debug|Any CPU
		{99946185-7AF3-4E4B-9777-96839FDBFA65}.Release|Any CPU.ActiveCfg = Release|Any CPU
		{99946185-7AF3-4E4B-9777-96839FDBFA65}.Release|Any CPU.Build.0 = Release|Any CPU
		{53CD70FA-B4F3-447D-937F-3E5DF6D2BE88}.Debug|Any CPU.ActiveCfg = Debug|Any CPU
		{53CD70FA-B4F3-447D-937F-3E5DF6D2BE88}.Debug|Any CPU.Build.0 = Debug|Any CPU
		{53CD70FA-B4F3-447D-937F-3E5DF6D2BE88}.Release|Any CPU.ActiveCfg = Release|Any CPU
		{53CD70FA-B4F3-447D-937F-3E5DF6D2BE88}.Release|Any CPU.Build.0 = Release|Any CPU
		{8124E3A3-DDED-4FEB-AA15-19DC501347C6}.Debug|Any CPU.ActiveCfg = Debug|Any CPU
		{8124E3A3-DDED-4FEB-AA15-19DC501347C6}.Debug|Any CPU.Build.0 = Debug|Any CPU
		{8124E3A3-DDED-4FEB-AA15-19DC501347C6}.Release|Any CPU.ActiveCfg = Release|Any CPU
		{8124E3A3-DDED-4FEB-AA15-19DC501347C6}.Release|Any CPU.Build.0 = Release|Any CPU
	EndGlobalSection
	GlobalSection(SolutionProperties) = preSolution
		HideSolutionNode = FALSE
	EndGlobalSection
	GlobalSection(ExtensibilityGlobals) = postSolution
		SolutionGuid = {9F50E9B9-54A4-43E3-A933-5D65B4E1B66D}
	EndGlobalSection
EndGlobal
